
Microsoft Visual Studio Solution File, Format Version 12.00
# Visual Studio 2012
Project("{FAE04EC0-301F-11D3-BF4B-00C04F79EFBC}") = "RemoveDuplicates", "RemoveDuplicates.csproj", "{69BBD493-BC59-418B-A2EA-D6E82541135A}"
EndProject
Global
	GlobalSection(SolutionConfigurationPlatforms) = preSolution
		Debug|Any CPU = Debug|Any CPU
		Release|Any CPU = Release|Any CPU
	EndGlobalSection
	GlobalSection(ProjectConfigurationPlatforms) = postSolution
		{69BBD493-BC59-418B-A2EA-D6E82541135A}.Debug|Any CPU.ActiveCfg = Debug|Any CPU
		{69BBD493-BC59-418B-A2EA-D6E82541135A}.Debug|Any CPU.Build.0 = Debug|Any CPU
		{69BBD493-BC59-418B-A2EA-D6E82541135A}.Release|Any CPU.ActiveCfg = Release|Any CPU
		{69BBD493-BC59-418B-A2EA-D6E82541135A}.Release|Any CPU.Build.0 = Release|Any CPU
	EndGlobalSection
	GlobalSection(SolutionProperties) = preSolution
		HideSolutionNode = FALSE
	EndGlobalSection
EndGlobal
